
Microsoft Visual Studio Solution File, Format Version 12.00
# Visual Studio Version 17
VisualStudioVersion = 17.0.32112.339
MinimumVisualStudioVersion = 10.0.40219.1
Project("{FAE04EC0-301F-11D3-BF4B-00C04F79EFBC}") = "EmployeeManagementAPI", "EmployeeManagementAPI\EmployeeManagementAPI.csproj", "{1EC78F0E-FD44-44F4-ABF4-DD9B8E4278FC}"
EndProject
Global
	GlobalSection(SolutionConfigurationPlatforms) = preSolution
		Debug|Any CPU = Debug|Any CPU
		Release|Any CPU = Release|Any CPU
	EndGlobalSection
	GlobalSection(ProjectConfigurationPlatforms) = postSolution
		{1EC78F0E-FD44-44F4-ABF4-DD9B8E4278FC}.Debug|Any CPU.ActiveCfg = Debug|Any CPU
		{1EC78F0E-FD44-44F4-ABF4-DD9B8E4278FC}.Debug|Any CPU.Build.0 = Debug|Any CPU
		{1EC78F0E-FD44-44F4-ABF4-DD9B8E4278FC}.Release|Any CPU.ActiveCfg = Release|Any CPU
		{1EC78F0E-FD44-44F4-ABF4-DD9B8E4278FC}.Release|Any CPU.Build.0 = Release|Any CPU
	EndGlobalSection
	GlobalSection(SolutionProperties) = preSolution
		HideSolutionNode = FALSE
	EndGlobalSection
	GlobalSection(ExtensibilityGlobals) = postSolution
		SolutionGuid = {2A368D99-3338-44D8-AB42-5C7331A217D2}
	EndGlobalSection
EndGlobal
